
Microsoft Visual Studio Solution File, Format Version 12.00
# Visual Studio 15
VisualStudioVersion = 15.0.26730.15
MinimumVisualStudioVersion = 10.0.40219.1
Project("{FAE04EC0-301F-11D3-BF4B-00C04F79EFBC}") = "asd2-lab13", "asd2-lab13\asd2-lab13.csproj", "{56501D95-9DAF-43D2-AFED-57D9F7E8750D}"
EndProject
Global
	GlobalSection(SolutionConfigurationPlatforms) = preSolution
		Debug|Any CPU = Debug|Any CPU
		Release|Any CPU = Release|Any CPU
	EndGlobalSection
	GlobalSection(ProjectConfigurationPlatforms) = postSolution
		{56501D95-9DAF-43D2-AFED-57D9F7E8750D}.Debug|Any CPU.ActiveCfg = Debug|Any CPU
		{56501D95-9DAF-43D2-AFED-57D9F7E8750D}.Debug|Any CPU.Build.0 = Debug|Any CPU
		{56501D95-9DAF-43D2-AFED-57D9F7E8750D}.Release|Any CPU.ActiveCfg = Release|Any CPU
		{56501D95-9DAF-43D2-AFED-57D9F7E8750D}.Release|Any CPU.Build.0 = Release|Any CPU
	EndGlobalSection
	GlobalSection(SolutionProperties) = preSolution
		HideSolutionNode = FALSE
	EndGlobalSection
	GlobalSection(ExtensibilityGlobals) = postSolution
		SolutionGuid = {887F2CF3-301B-4FE5-BD51-DF681400A786}
	EndGlobalSection
EndGlobal
