
Microsoft Visual Studio Solution File, Format Version 12.00
# Visual Studio 15
VisualStudioVersion = 15.0.26730.15
MinimumVisualStudioVersion = 10.0.40219.1
Project("{FAE04EC0-301F-11D3-BF4B-00C04F79EFBC}") = "asd2-lab12", "asd2-lab12\asd2-lab12.csproj", "{45731A1F-FA56-4B93-BB45-EA98DA14A5CE}"
EndProject
Global
	GlobalSection(SolutionConfigurationPlatforms) = preSolution
		Debug|Any CPU = Debug|Any CPU
		Release|Any CPU = Release|Any CPU
	EndGlobalSection
	GlobalSection(ProjectConfigurationPlatforms) = postSolution
		{45731A1F-FA56-4B93-BB45-EA98DA14A5CE}.Debug|Any CPU.ActiveCfg = Debug|Any CPU
		{45731A1F-FA56-4B93-BB45-EA98DA14A5CE}.Debug|Any CPU.Build.0 = Debug|Any CPU
		{45731A1F-FA56-4B93-BB45-EA98DA14A5CE}.Release|Any CPU.ActiveCfg = Release|Any CPU
		{45731A1F-FA56-4B93-BB45-EA98DA14A5CE}.Release|Any CPU.Build.0 = Release|Any CPU
	EndGlobalSection
	GlobalSection(SolutionProperties) = preSolution
		HideSolutionNode = FALSE
	EndGlobalSection
	GlobalSection(ExtensibilityGlobals) = postSolution
		SolutionGuid = {79606F5B-E158-43C5-B999-8DE26CFC0F10}
	EndGlobalSection
EndGlobal
