
Microsoft Visual Studio Solution File, Format Version 12.00
# Visual Studio 15
VisualStudioVersion = 15.0.27703.2018
MinimumVisualStudioVersion = 10.0.40219.1
Project("{FAE04EC0-301F-11D3-BF4B-00C04F79EFBC}") = "asd2-dodatkowe", "asd2-dodatkowe\asd2-dodatkowe.csproj", "{569308AF-3D25-4223-9EB0-391F8712D817}"
EndProject
Global
	GlobalSection(Performance) = preSolution
		HasPerformanceSessions = true
	EndGlobalSection
	GlobalSection(SolutionConfigurationPlatforms) = preSolution
		Debug|Any CPU = Debug|Any CPU
		Release|Any CPU = Release|Any CPU
	EndGlobalSection
	GlobalSection(ProjectConfigurationPlatforms) = postSolution
		{569308AF-3D25-4223-9EB0-391F8712D817}.Debug|Any CPU.ActiveCfg = Release|Any CPU
		{569308AF-3D25-4223-9EB0-391F8712D817}.Debug|Any CPU.Build.0 = Release|Any CPU
		{569308AF-3D25-4223-9EB0-391F8712D817}.Release|Any CPU.ActiveCfg = Release|Any CPU
		{569308AF-3D25-4223-9EB0-391F8712D817}.Release|Any CPU.Build.0 = Release|Any CPU
	EndGlobalSection
	GlobalSection(SolutionProperties) = preSolution
		HideSolutionNode = FALSE
	EndGlobalSection
	GlobalSection(ExtensibilityGlobals) = postSolution
		SolutionGuid = {C0D3E177-EB00-40C7-8E5F-8FC0DF79F288}
	EndGlobalSection
	GlobalSection(Performance) = preSolution
		HasPerformanceSessions = true
	EndGlobalSection
EndGlobal
