
Microsoft Visual Studio Solution File, Format Version 12.00
# Visual Studio 15
VisualStudioVersion = 15.0.26730.15
MinimumVisualStudioVersion = 10.0.40219.1
Project("{FAE04EC0-301F-11D3-BF4B-00C04F79EFBC}") = "asd2-lab10", "asd2-lab10\asd2-lab10.csproj", "{925C8B98-A216-4C90-A108-48C4959EF1BD}"
EndProject
Global
	GlobalSection(SolutionConfigurationPlatforms) = preSolution
		Debug|Any CPU = Debug|Any CPU
		Release|Any CPU = Release|Any CPU
	EndGlobalSection
	GlobalSection(ProjectConfigurationPlatforms) = postSolution
		{925C8B98-A216-4C90-A108-48C4959EF1BD}.Debug|Any CPU.ActiveCfg = Debug|Any CPU
		{925C8B98-A216-4C90-A108-48C4959EF1BD}.Debug|Any CPU.Build.0 = Debug|Any CPU
		{925C8B98-A216-4C90-A108-48C4959EF1BD}.Release|Any CPU.ActiveCfg = Release|Any CPU
		{925C8B98-A216-4C90-A108-48C4959EF1BD}.Release|Any CPU.Build.0 = Release|Any CPU
	EndGlobalSection
	GlobalSection(SolutionProperties) = preSolution
		HideSolutionNode = FALSE
	EndGlobalSection
	GlobalSection(ExtensibilityGlobals) = postSolution
		SolutionGuid = {BAD662FA-976F-41AE-96EC-E0417E85164B}
	EndGlobalSection
EndGlobal
